<?xml version="1.0" encoding="utf-8"?>
<Project ToolsVersion="4.0" xmlns="http://schemas.microsoft.com/developer/msbuild/2003">
  <ItemGroup>
    <Filter Include="소스 파일">
      <UniqueIdentifier>{4FC737F1-C7A5-4376-A066-2A32D752A2FF}</UniqueIdentifier>
      <Extensions>cpp;c;cc;cxx;c++;cppm;ixx;def;odl;idl;hpj;bat;asm;asmx</Extensions>
    </Filter>
    <Filter Include="헤더 파일">
      <UniqueIdentifier>{93995380-89BD-4b04-88EB-625FBE52EBFB}</UniqueIdentifier>
      <Extensions>h;hh;hpp;hxx;h++;hm;inl;inc;ipp;xsd</Extensions>
    </Filter>
    <Filter Include="리소스 파일">
      <UniqueIdentifier>{67DA6AB6-F800-4c08-8B7A-83BB121AAD01}</UniqueIdentifier>
      <Extensions>rc;ico;cur;bmp;dlg;rc2;rct;bin;rgs;gif;jpg;jpeg;jpe;resx;tiff;tif;png;wav;mfcribbon-ms</Extensions>
    </Filter>
    <Filter Include="소스 파일\review">
      <UniqueIdentifier>{6a4eecd0-3800-41cf-b0c6-8d9d8d1f2cea}</UniqueIdentifier>
    </Filter>
    <Filter Include="소스 파일\LV2">
      <UniqueIdentifier>{ba2843fa-74ee-4359-9cb0-6a4560328c92}</UniqueIdentifier>
    </Filter>
    <Filter Include="소스 파일\LV3">
      <UniqueIdentifier>{58a5b5af-8aba-4c14-92e5-cdeb4cf59eef}</UniqueIdentifier>
    </Filter>
    <Filter Include="소스 파일\review\L2">
      <UniqueIdentifier>{0568e9e3-4410-4fbe-9ea1-5b3c1121ebfe}</UniqueIdentifier>
    </Filter>
    <Filter Include="소스 파일\review\L3">
      <UniqueIdentifier>{362ddbfd-4cbc-46a1-bda5-dbf85f1c2264}</UniqueIdentifier>
    </Filter>
    <Filter Include="소스 파일\LV4">
      <UniqueIdentifier>{b1399151-e80a-43fc-82ef-069eba2031f6}</UniqueIdentifier>
    </Filter>
  </ItemGroup>
  <ItemGroup>
    <ClCompile Include="LV2-1.cpp">
      <Filter>소스 파일\LV2</Filter>
    </ClCompile>
    <ClCompile Include="LV2-2.cpp">
      <Filter>소스 파일\LV2</Filter>
    </ClCompile>
    <ClCompile Include="LV2-3.cpp">
      <Filter>소스 파일\LV2</Filter>
    </ClCompile>
    <ClCompile Include="LV2-4.cpp">
      <Filter>소스 파일\LV2</Filter>
    </ClCompile>
    <ClCompile Include="LV2-5.cpp">
      <Filter>소스 파일\LV2</Filter>
    </ClCompile>
    <ClCompile Include="LV2-6.cpp">
      <Filter>소스 파일\LV2</Filter>
    </ClCompile>
    <ClCompile Include="LV2-7.cpp">
      <Filter>소스 파일\LV2</Filter>
    </ClCompile>
    <ClCompile Include="LV2-8.cpp">
      <Filter>소스 파일\LV2</Filter>
    </ClCompile>
    <ClCompile Include="LV2-9.cpp">
      <Filter>소스 파일\LV2</Filter>
    </ClCompile>
    <ClCompile Include="LV2-10.cpp">
      <Filter>소스 파일\LV2</Filter>
    </ClCompile>
    <ClCompile Include="LV2-11.cpp">
      <Filter>소스 파일\LV2</Filter>
    </ClCompile>
    <ClCompile Include="LV2-12.cpp">
      <Filter>소스 파일\LV2</Filter>
    </ClCompile>
    <ClCompile Include="2-1.cpp">
      <Filter>소스 파일\review\L2</Filter>
    </ClCompile>
    <ClCompile Include="2-2.cpp">
      <Filter>소스 파일\review\L2</Filter>
    </ClCompile>
    <ClCompile Include="2-3.cpp">
      <Filter>소스 파일\review\L2</Filter>
    </ClCompile>
    <ClCompile Include="2-4.cpp">
      <Filter>소스 파일\review\L2</Filter>
    </ClCompile>
    <ClCompile Include="2-5.cpp">
      <Filter>소스 파일\review\L2</Filter>
    </ClCompile>
    <ClCompile Include="2-6.cpp">
      <Filter>소스 파일\review\L2</Filter>
    </ClCompile>
    <ClCompile Include="2-7.cpp">
      <Filter>소스 파일\review\L2</Filter>
    </ClCompile>
    <ClCompile Include="2-8.cpp">
      <Filter>소스 파일\review\L2</Filter>
    </ClCompile>
    <ClCompile Include="2-9.cpp">
      <Filter>소스 파일\review\L2</Filter>
    </ClCompile>
    <ClCompile Include="2-10.cpp">
      <Filter>소스 파일\review\L2</Filter>
    </ClCompile>
    <ClCompile Include="2-11.cpp">
      <Filter>소스 파일\review\L2</Filter>
    </ClCompile>
    <ClCompile Include="3-1.cpp">
      <Filter>소스 파일\LV3</Filter>
    </ClCompile>
    <ClCompile Include="3-2.cpp">
      <Filter>소스 파일\LV3</Filter>
    </ClCompile>
    <ClCompile Include="3-3.cpp">
      <Filter>소스 파일\LV3</Filter>
    </ClCompile>
    <ClCompile Include="3-4.cpp">
      <Filter>소스 파일\LV3</Filter>
    </ClCompile>
    <ClCompile Include="3-5.cpp">
      <Filter>소스 파일\LV3</Filter>
    </ClCompile>
    <ClCompile Include="3-6.cpp">
      <Filter>소스 파일\LV3</Filter>
    </ClCompile>
    <ClCompile Include="3-7.cpp">
      <Filter>소스 파일\LV3</Filter>
    </ClCompile>
    <ClCompile Include="3-8.cpp">
      <Filter>소스 파일\LV3</Filter>
    </ClCompile>
    <ClCompile Include="3-9.cpp">
      <Filter>소스 파일\LV3</Filter>
    </ClCompile>
    <ClCompile Include="3-10.cpp">
      <Filter>소스 파일\LV3</Filter>
    </ClCompile>
    <ClCompile Include="3-11.cpp">
      <Filter>소스 파일\LV3</Filter>
    </ClCompile>
    <ClCompile Include="3-12.cpp">
      <Filter>소스 파일\LV3</Filter>
    </ClCompile>
    <ClCompile Include="3-13.cpp">
      <Filter>소스 파일\LV3</Filter>
    </ClCompile>
    <ClCompile Include="3-14.cpp">
      <Filter>소스 파일\LV3</Filter>
    </ClCompile>
    <ClCompile Include="3-15.cpp">
      <Filter>소스 파일\LV3</Filter>
    </ClCompile>
    <ClCompile Include="R3-1.cpp">
      <Filter>소스 파일\review\L3</Filter>
    </ClCompile>
    <ClCompile Include="R3-2.cpp">
      <Filter>소스 파일\review\L3</Filter>
    </ClCompile>
    <ClCompile Include="R3-3.cpp">
      <Filter>소스 파일\review\L3</Filter>
    </ClCompile>
    <ClCompile Include="R3-4.cpp">
      <Filter>소스 파일\review\L3</Filter>
    </ClCompile>
    <ClCompile Include="R3-5.cpp">
      <Filter>소스 파일\review\L3</Filter>
    </ClCompile>
    <ClCompile Include="R3-6.cpp">
      <Filter>소스 파일\review\L3</Filter>
    </ClCompile>
    <ClCompile Include="R3-7.cpp">
      <Filter>소스 파일\review\L3</Filter>
    </ClCompile>
    <ClCompile Include="R3-8.cpp">
      <Filter>소스 파일\review\L3</Filter>
    </ClCompile>
    <ClCompile Include="R3-9.cpp">
      <Filter>소스 파일\review\L3</Filter>
    </ClCompile>
    <ClCompile Include="R3-10.cpp">
      <Filter>소스 파일\review\L3</Filter>
    </ClCompile>
    <ClCompile Include="R3-11.cpp">
      <Filter>소스 파일\review\L3</Filter>
    </ClCompile>
    <ClCompile Include="R3-12.cpp">
      <Filter>소스 파일\review\L3</Filter>
    </ClCompile>
    <ClCompile Include="R3-13.cpp">
      <Filter>소스 파일\review\L3</Filter>
    </ClCompile>
    <ClCompile Include="R3-14.cpp">
      <Filter>소스 파일\review\L3</Filter>
    </ClCompile>
    <ClCompile Include="R3-15.cpp">
      <Filter>소스 파일\review\L3</Filter>
    </ClCompile>
  </ItemGroup>
</Project>